// !$*UTF8*$!
{
	archiveVersion = 1;
	classes = {
	};
	objectVersion = 56;
	objects = {

/* Begin PBXBuildFile section */
		E600195C295CF0BB00216228 /* FundsAvailableView.swift in Sources */ = {isa = PBXBuildFile; fileRef = E600195B295CF0BB00216228 /* FundsAvailableView.swift */; };
		E600195E295E0EA700216228 /* NFCNDEFReaderSession+extensions.swift in Sources */ = {isa = PBXBuildFile; fileRef = E600195D295E0EA700216228 /* NFCNDEFReaderSession+extensions.swift */; };
		E6001961295F434800216228 /* HomeViewModel.swift in Sources */ = {isa = PBXBuildFile; fileRef = E6001960295F434800216228 /* HomeViewModel.swift */; };
		E6001964295F4ECA00216228 /* ReloadAmmount.swift in Sources */ = {isa = PBXBuildFile; fileRef = E6001963295F4ECA00216228 /* ReloadAmmount.swift */; };
		E6001966295F4F3600216228 /* NFCUser.swift in Sources */ = {isa = PBXBuildFile; fileRef = E6001965295F4F3600216228 /* NFCUser.swift */; };
		E6001968295F61D700216228 /* README.md in Resources */ = {isa = PBXBuildFile; fileRef = E6001967295F61D700216228 /* README.md */; };
		E61F481C29527DAC00D937B8 /* AppDelegate.swift in Sources */ = {isa = PBXBuildFile; fileRef = E61F481B29527DAC00D937B8 /* AppDelegate.swift */; };
		E61F481E29527DAC00D937B8 /* SceneDelegate.swift in Sources */ = {isa = PBXBuildFile; fileRef = E61F481D29527DAC00D937B8 /* SceneDelegate.swift */; };
		E61F482029527DAC00D937B8 /* HomeViewController.swift in Sources */ = {isa = PBXBuildFile; fileRef = E61F481F29527DAC00D937B8 /* HomeViewController.swift */; };
		E61F482329527DAC00D937B8 /* Main.storyboard in Resources */ = {isa = PBXBuildFile; fileRef = E61F482129527DAC00D937B8 /* Main.storyboard */; };
		E61F482829527DAE00D937B8 /* Assets.xcassets in Resources */ = {isa = PBXBuildFile; fileRef = E61F482729527DAE00D937B8 /* Assets.xcassets */; };
		E61F482B29527DAE00D937B8 /* LaunchScreen.storyboard in Resources */ = {isa = PBXBuildFile; fileRef = E61F482929527DAE00D937B8 /* LaunchScreen.storyboard */; };
		E61F483429527E6D00D937B8 /* GradientView.swift in Sources */ = {isa = PBXBuildFile; fileRef = E61F483329527E6D00D937B8 /* GradientView.swift */; };
		E61F483E295280EF00D937B8 /* Fontfabric---Mont-Light.otf in Resources */ = {isa = PBXBuildFile; fileRef = E61F4837295280EF00D937B8 /* Fontfabric---Mont-Light.otf */; };
		E61F483F295280EF00D937B8 /* Fontfabric---Mont-ExtraLight.otf in Resources */ = {isa = PBXBuildFile; fileRef = E61F4838295280EF00D937B8 /* Fontfabric---Mont-ExtraLight.otf */; };
		E61F4840295280EF00D937B8 /* Fontfabric---Mont-SemiBold.otf in Resources */ = {isa = PBXBuildFile; fileRef = E61F4839295280EF00D937B8 /* Fontfabric---Mont-SemiBold.otf */; };
		E61F4841295280EF00D937B8 /* Fontfabric---Mont-Thin.otf in Resources */ = {isa = PBXBuildFile; fileRef = E61F483A295280EF00D937B8 /* Fontfabric---Mont-Thin.otf */; };
		E61F4842295280EF00D937B8 /* Fontfabric---Mont-Black.otf in Resources */ = {isa = PBXBuildFile; fileRef = E61F483B295280EF00D937B8 /* Fontfabric---Mont-Black.otf */; };
		E61F4843295280EF00D937B8 /* Fontfabric---Mont-Bold.otf in Resources */ = {isa = PBXBuildFile; fileRef = E61F483C295280EF00D937B8 /* Fontfabric---Mont-Bold.otf */; };
		E61F4844295280EF00D937B8 /* Fontfabric---Mont-Regular.otf in Resources */ = {isa = PBXBuildFile; fileRef = E61F483D295280EF00D937B8 /* Fontfabric---Mont-Regular.otf */; };
		E61F48472952812400D937B8 /* smallspinner.json in Resources */ = {isa = PBXBuildFile; fileRef = E61F48452952812400D937B8 /* smallspinner.json */; };
		E61F48482952812400D937B8 /* checkmark.json in Resources */ = {isa = PBXBuildFile; fileRef = E61F48462952812400D937B8 /* checkmark.json */; };
		E69AB70B2952EAB700D6E98C /* ConfirmPaymentViewController.swift in Sources */ = {isa = PBXBuildFile; fileRef = E69AB7092952EAB700D6E98C /* ConfirmPaymentViewController.swift */; };
		E69AB70C2952EAB700D6E98C /* ConfirmPaymentViewController.xib in Resources */ = {isa = PBXBuildFile; fileRef = E69AB70A2952EAB700D6E98C /* ConfirmPaymentViewController.xib */; };
		E69EAF622B4B1E180064679F /* NFCService.swift in Sources */ = {isa = PBXBuildFile; fileRef = E69EAF612B4B1E180064679F /* NFCService.swift */; };
		E69EAF642B4DE6F60064679F /* NFCError.swift in Sources */ = {isa = PBXBuildFile; fileRef = E69EAF632B4DE6F60064679F /* NFCError.swift */; };
		E69EAF662B4DE7200064679F /* NFCAction.swift in Sources */ = {isa = PBXBuildFile; fileRef = E69EAF652B4DE7200064679F /* NFCAction.swift */; };
		E69EAF682B4DEE3F0064679F /* Logger.swift in Sources */ = {isa = PBXBuildFile; fileRef = E69EAF672B4DEE3F0064679F /* Logger.swift */; };
		E6B1491429528F020000BE9D /* UIView+Designables.swift in Sources */ = {isa = PBXBuildFile; fileRef = E6B1491329528F020000BE9D /* UIView+Designables.swift */; };
		E6B14916295290F90000BE9D /* PayNowButton.swift in Sources */ = {isa = PBXBuildFile; fileRef = E6B14915295290F90000BE9D /* PayNowButton.swift */; };
		E6B1491B2952C22B0000BE9D /* UIView+extensions.swift in Sources */ = {isa = PBXBuildFile; fileRef = E6B1491A2952C22B0000BE9D /* UIView+extensions.swift */; };
		E6B1491D2952C2C70000BE9D /* ReloadAmountView.swift in Sources */ = {isa = PBXBuildFile; fileRef = E6B1491C2952C2C70000BE9D /* ReloadAmountView.swift */; };
		E6B1491F2952C2DA0000BE9D /* ReloadAmountView.xib in Resources */ = {isa = PBXBuildFile; fileRef = E6B1491E2952C2DA0000BE9D /* ReloadAmountView.xib */; };
		E6E8C1DC29554114008DCF23 /* UIFont+extensions.swift in Sources */ = {isa = PBXBuildFile; fileRef = E6E8C1DB29554114008DCF23 /* UIFont+extensions.swift */; };
		F6DB4053C1B74EE3551067AD /* Pods_NFCTokens.framework in Frameworks */ = {isa = PBXBuildFile; fileRef = 576F4A0F2BC391319E2278A7 /* Pods_NFCTokens.framework */; };
/* End PBXBuildFile section */

/* Begin PBXFileReference section */
		00FA61581C3E0DB3F5834533 /* Pods-NFCTokens.release.xcconfig */ = {isa = PBXFileReference; includeInIndex = 1; lastKnownFileType = text.xcconfig; name = "Pods-NFCTokens.release.xcconfig"; path = "Target Support Files/Pods-NFCTokens/Pods-NFCTokens.release.xcconfig"; sourceTree = "<group>"; };
		334B8A4859044422AC7A036B /* Pods-NFCTokens.debug.xcconfig */ = {isa = PBXFileReference; includeInIndex = 1; lastKnownFileType = text.xcconfig; name = "Pods-NFCTokens.debug.xcconfig"; path = "Target Support Files/Pods-NFCTokens/Pods-NFCTokens.debug.xcconfig"; sourceTree = "<group>"; };
		576F4A0F2BC391319E2278A7 /* Pods_NFCTokens.framework */ = {isa = PBXFileReference; explicitFileType = wrapper.framework; includeInIndex = 0; path = Pods_NFCTokens.framework; sourceTree = BUILT_PRODUCTS_DIR; };
		E600195B295CF0BB00216228 /* FundsAvailableView.swift */ = {isa = PBXFileReference; lastKnownFileType = sourcecode.swift; path = FundsAvailableView.swift; sourceTree = "<group>"; };
		E600195D295E0EA700216228 /* NFCNDEFReaderSession+extensions.swift */ = {isa = PBXFileReference; lastKnownFileType = sourcecode.swift; path = "NFCNDEFReaderSession+extensions.swift"; sourceTree = "<group>"; };
		E6001960295F434800216228 /* HomeViewModel.swift */ = {isa = PBXFileReference; lastKnownFileType = sourcecode.swift; path = HomeViewModel.swift; sourceTree = "<group>"; };
		E6001963295F4ECA00216228 /* ReloadAmmount.swift */ = {isa = PBXFileReference; lastKnownFileType = sourcecode.swift; path = ReloadAmmount.swift; sourceTree = "<group>"; };
		E6001965295F4F3600216228 /* NFCUser.swift */ = {isa = PBXFileReference; lastKnownFileType = sourcecode.swift; path = NFCUser.swift; sourceTree = "<group>"; };
		E6001967295F61D700216228 /* README.md */ = {isa = PBXFileReference; fileEncoding = 4; lastKnownFileType = net.daringfireball.markdown; path = README.md; sourceTree = SOURCE_ROOT; };
		E61F481829527DAC00D937B8 /* NFCTokens.app */ = {isa = PBXFileReference; explicitFileType = wrapper.application; includeInIndex = 0; path = NFCTokens.app; sourceTree = BUILT_PRODUCTS_DIR; };
		E61F481B29527DAC00D937B8 /* AppDelegate.swift */ = {isa = PBXFileReference; lastKnownFileType = sourcecode.swift; path = AppDelegate.swift; sourceTree = "<group>"; };
		E61F481D29527DAC00D937B8 /* SceneDelegate.swift */ = {isa = PBXFileReference; lastKnownFileType = sourcecode.swift; path = SceneDelegate.swift; sourceTree = "<group>"; };
		E61F481F29527DAC00D937B8 /* HomeViewController.swift */ = {isa = PBXFileReference; lastKnownFileType = sourcecode.swift; path = HomeViewController.swift; sourceTree = "<group>"; };
		E61F482229527DAC00D937B8 /* Base */ = {isa = PBXFileReference; lastKnownFileType = file.storyboard; name = Base; path = Base.lproj/Main.storyboard; sourceTree = "<group>"; };
		E61F482729527DAE00D937B8 /* Assets.xcassets */ = {isa = PBXFileReference; lastKnownFileType = folder.assetcatalog; path = Assets.xcassets; sourceTree = "<group>"; };
		E61F482A29527DAE00D937B8 /* Base */ = {isa = PBXFileReference; lastKnownFileType = file.storyboard; name = Base; path = Base.lproj/LaunchScreen.storyboard; sourceTree = "<group>"; };
		E61F482C29527DAE00D937B8 /* Info.plist */ = {isa = PBXFileReference; lastKnownFileType = text.plist.xml; path = Info.plist; sourceTree = "<group>"; };
		E61F483329527E6D00D937B8 /* GradientView.swift */ = {isa = PBXFileReference; lastKnownFileType = sourcecode.swift; path = GradientView.swift; sourceTree = "<group>"; };
		E61F4837295280EF00D937B8 /* Fontfabric---Mont-Light.otf */ = {isa = PBXFileReference; lastKnownFileType = file; path = "Fontfabric---Mont-Light.otf"; sourceTree = "<group>"; };
		E61F4838295280EF00D937B8 /* Fontfabric---Mont-ExtraLight.otf */ = {isa = PBXFileReference; lastKnownFileType = file; path = "Fontfabric---Mont-ExtraLight.otf"; sourceTree = "<group>"; };
		E61F4839295280EF00D937B8 /* Fontfabric---Mont-SemiBold.otf */ = {isa = PBXFileReference; lastKnownFileType = file; path = "Fontfabric---Mont-SemiBold.otf"; sourceTree = "<group>"; };
		E61F483A295280EF00D937B8 /* Fontfabric---Mont-Thin.otf */ = {isa = PBXFileReference; lastKnownFileType = file; path = "Fontfabric---Mont-Thin.otf"; sourceTree = "<group>"; };
		E61F483B295280EF00D937B8 /* Fontfabric---Mont-Black.otf */ = {isa = PBXFileReference; lastKnownFileType = file; path = "Fontfabric---Mont-Black.otf"; sourceTree = "<group>"; };
		E61F483C295280EF00D937B8 /* Fontfabric---Mont-Bold.otf */ = {isa = PBXFileReference; lastKnownFileType = file; path = "Fontfabric---Mont-Bold.otf"; sourceTree = "<group>"; };
		E61F483D295280EF00D937B8 /* Fontfabric---Mont-Regular.otf */ = {isa = PBXFileReference; lastKnownFileType = file; path = "Fontfabric---Mont-Regular.otf"; sourceTree = "<group>"; };
		E61F48452952812400D937B8 /* smallspinner.json */ = {isa = PBXFileReference; fileEncoding = 4; lastKnownFileType = text.json; path = smallspinner.json; sourceTree = "<group>"; };
		E61F48462952812400D937B8 /* checkmark.json */ = {isa = PBXFileReference; fileEncoding = 4; lastKnownFileType = text.json; path = checkmark.json; sourceTree = "<group>"; };
		E69AB7092952EAB700D6E98C /* ConfirmPaymentViewController.swift */ = {isa = PBXFileReference; lastKnownFileType = sourcecode.swift; path = ConfirmPaymentViewController.swift; sourceTree = "<group>"; };
		E69AB70A2952EAB700D6E98C /* ConfirmPaymentViewController.xib */ = {isa = PBXFileReference; lastKnownFileType = file.xib; path = ConfirmPaymentViewController.xib; sourceTree = "<group>"; };
		E69EAF612B4B1E180064679F /* NFCService.swift */ = {isa = PBXFileReference; lastKnownFileType = sourcecode.swift; path = NFCService.swift; sourceTree = "<group>"; };
		E69EAF632B4DE6F60064679F /* NFCError.swift */ = {isa = PBXFileReference; lastKnownFileType = sourcecode.swift; path = NFCError.swift; sourceTree = "<group>"; };
		E69EAF652B4DE7200064679F /* NFCAction.swift */ = {isa = PBXFileReference; lastKnownFileType = sourcecode.swift; path = NFCAction.swift; sourceTree = "<group>"; };
		E69EAF672B4DEE3F0064679F /* Logger.swift */ = {isa = PBXFileReference; lastKnownFileType = sourcecode.swift; path = Logger.swift; sourceTree = "<group>"; };
		E6B1491329528F020000BE9D /* UIView+Designables.swift */ = {isa = PBXFileReference; lastKnownFileType = sourcecode.swift; path = "UIView+Designables.swift"; sourceTree = "<group>"; };
		E6B14915295290F90000BE9D /* PayNowButton.swift */ = {isa = PBXFileReference; lastKnownFileType = sourcecode.swift; path = PayNowButton.swift; sourceTree = "<group>"; };
		E6B1491A2952C22B0000BE9D /* UIView+extensions.swift */ = {isa = PBXFileReference; lastKnownFileType = sourcecode.swift; path = "UIView+extensions.swift"; sourceTree = "<group>"; };
		E6B1491C2952C2C70000BE9D /* ReloadAmountView.swift */ = {isa = PBXFileReference; lastKnownFileType = sourcecode.swift; path = ReloadAmountView.swift; sourceTree = "<group>"; };
		E6B1491E2952C2DA0000BE9D /* ReloadAmountView.xib */ = {isa = PBXFileReference; lastKnownFileType = file.xib; path = ReloadAmountView.xib; sourceTree = "<group>"; };
		E6B595EB295BE6270023F6EE /* NFCTokens.entitlements */ = {isa = PBXFileReference; lastKnownFileType = text.plist.entitlements; path = NFCTokens.entitlements; sourceTree = "<group>"; };
		E6E8C1DB29554114008DCF23 /* UIFont+extensions.swift */ = {isa = PBXFileReference; lastKnownFileType = sourcecode.swift; path = "UIFont+extensions.swift"; sourceTree = "<group>"; };
/* End PBXFileReference section */

/* Begin PBXFrameworksBuildPhase section */
		E61F481529527DAC00D937B8 /* Frameworks */ = {
			isa = PBXFrameworksBuildPhase;
			buildActionMask = 2147483647;
			files = (
				F6DB4053C1B74EE3551067AD /* Pods_NFCTokens.framework in Frameworks */,
			);
			runOnlyForDeploymentPostprocessing = 0;
		};
/* End PBXFrameworksBuildPhase section */

/* Begin PBXGroup section */
		B8F550D8ACF6A454DC4B448D /* Frameworks */ = {
			isa = PBXGroup;
			children = (
				576F4A0F2BC391319E2278A7 /* Pods_NFCTokens.framework */,
			);
			name = Frameworks;
			sourceTree = "<group>";
		};
		D37B0F3352C0387F66B7CE18 /* Pods */ = {
			isa = PBXGroup;
			children = (
				334B8A4859044422AC7A036B /* Pods-NFCTokens.debug.xcconfig */,
				00FA61581C3E0DB3F5834533 /* Pods-NFCTokens.release.xcconfig */,
			);
			path = Pods;
			sourceTree = "<group>";
		};
		E600195F295F433C00216228 /* Home */ = {
			isa = PBXGroup;
			children = (
				E69AB7082952EA9600D6E98C /* ConfirmPayment */,
				E61F481F29527DAC00D937B8 /* HomeViewController.swift */,
				E6001960295F434800216228 /* HomeViewModel.swift */,
			);
			path = Home;
			sourceTree = "<group>";
		};
		E6001962295F4EB100216228 /* DataModels */ = {
			isa = PBXGroup;
			children = (
				E6001963295F4ECA00216228 /* ReloadAmmount.swift */,
				E6001965295F4F3600216228 /* NFCUser.swift */,
			);
			path = DataModels;
			sourceTree = "<group>";
		};
		E61F480F29527DAB00D937B8 = {
			isa = PBXGroup;
			children = (
				E61F481A29527DAC00D937B8 /* NFCTokens */,
				E61F481929527DAC00D937B8 /* Products */,
				D37B0F3352C0387F66B7CE18 /* Pods */,
				B8F550D8ACF6A454DC4B448D /* Frameworks */,
			);
			sourceTree = "<group>";
		};
		E61F481929527DAC00D937B8 /* Products */ = {
			isa = PBXGroup;
			children = (
				E61F481829527DAC00D937B8 /* NFCTokens.app */,
			);
			name = Products;
			sourceTree = "<group>";
		};
		E61F481A29527DAC00D937B8 /* NFCTokens */ = {
			isa = PBXGroup;
			children = (
				E69EAF692B5199F10064679F /* App */,
				E69EAF602B4B1E040064679F /* NFC */,
				E6001967295F61D700216228 /* README.md */,
				E6B595EB295BE6270023F6EE /* NFCTokens.entitlements */,
				E61F482C29527DAE00D937B8 /* Info.plist */,
				E6001962295F4EB100216228 /* DataModels */,
				E600195F295F433C00216228 /* Home */,
				E6E8C1E029556C1D008DCF23 /* Resources */,
				E61F483229527E4F00D937B8 /* Views */,
				E69EAF672B4DEE3F0064679F /* Logger.swift */,
			);
			path = NFCTokens;
			sourceTree = "<group>";
		};
		E61F483229527E4F00D937B8 /* Views */ = {
			isa = PBXGroup;
			children = (
				E600195B295CF0BB00216228 /* FundsAvailableView.swift */,
				E61F483329527E6D00D937B8 /* GradientView.swift */,
				E6B14915295290F90000BE9D /* PayNowButton.swift */,
				E6B1491C2952C2C70000BE9D /* ReloadAmountView.swift */,
				E6B1491E2952C2DA0000BE9D /* ReloadAmountView.xib */,
			);
			path = Views;
			sourceTree = "<group>";
		};
		E61F4835295280D200D937B8 /* Fonts */ = {
			isa = PBXGroup;
			children = (
				E61F4836295280EF00D937B8 /* Mont */,
			);
			path = Fonts;
			sourceTree = "<group>";
		};
		E61F4836295280EF00D937B8 /* Mont */ = {
			isa = PBXGroup;
			children = (
				E61F483B295280EF00D937B8 /* Fontfabric---Mont-Black.otf */,
				E61F483C295280EF00D937B8 /* Fontfabric---Mont-Bold.otf */,
				E61F4838295280EF00D937B8 /* Fontfabric---Mont-ExtraLight.otf */,
				E61F4837295280EF00D937B8 /* Fontfabric---Mont-Light.otf */,
				E61F483D295280EF00D937B8 /* Fontfabric---Mont-Regular.otf */,
				E61F4839295280EF00D937B8 /* Fontfabric---Mont-SemiBold.otf */,
				E61F483A295280EF00D937B8 /* Fontfabric---Mont-Thin.otf */,
			);
			path = Mont;
			sourceTree = "<group>";
		};
		E69AB7082952EA9600D6E98C /* ConfirmPayment */ = {
			isa = PBXGroup;
			children = (
				E69AB7092952EAB700D6E98C /* ConfirmPaymentViewController.swift */,
				E69AB70A2952EAB700D6E98C /* ConfirmPaymentViewController.xib */,
			);
			path = ConfirmPayment;
			sourceTree = "<group>";
		};
		E69EAF602B4B1E040064679F /* NFC */ = {
			isa = PBXGroup;
			children = (
				E69EAF612B4B1E180064679F /* NFCService.swift */,
				E69EAF632B4DE6F60064679F /* NFCError.swift */,
				E69EAF652B4DE7200064679F /* NFCAction.swift */,
			);
			path = NFC;
			sourceTree = "<group>";
		};
		E69EAF692B5199F10064679F /* App */ = {
			isa = PBXGroup;
			children = (
				E61F481B29527DAC00D937B8 /* AppDelegate.swift */,
				E61F481D29527DAC00D937B8 /* SceneDelegate.swift */,
				E61F482929527DAE00D937B8 /* LaunchScreen.storyboard */,
				E61F482129527DAC00D937B8 /* Main.storyboard */,
			);
			path = App;
			sourceTree = "<group>";
		};
		E6B1491229528EDA0000BE9D /* IBDesignables */ = {
			isa = PBXGroup;
			children = (
				E6B1491329528F020000BE9D /* UIView+Designables.swift */,
			);
			path = IBDesignables;
			sourceTree = "<group>";
		};
		E6B149192952C20C0000BE9D /* Extensions */ = {
			isa = PBXGroup;
			children = (
				E6E8C1DB29554114008DCF23 /* UIFont+extensions.swift */,
				E6B1491A2952C22B0000BE9D /* UIView+extensions.swift */,
				E600195D295E0EA700216228 /* NFCNDEFReaderSession+extensions.swift */,
			);
			path = Extensions;
			sourceTree = "<group>";
		};
		E6E8C1E029556C1D008DCF23 /* Resources */ = {
			isa = PBXGroup;
			children = (
				E6B1491229528EDA0000BE9D /* IBDesignables */,
				E6B149192952C20C0000BE9D /* Extensions */,
				E61F4835295280D200D937B8 /* Fonts */,
				E61F48462952812400D937B8 /* checkmark.json */,
				E61F48452952812400D937B8 /* smallspinner.json */,
				E61F482729527DAE00D937B8 /* Assets.xcassets */,
			);
			path = Resources;
			sourceTree = "<group>";
		};
/* End PBXGroup section */

/* Begin PBXNativeTarget section */
		E61F481729527DAC00D937B8 /* NFCTokens */ = {
			isa = PBXNativeTarget;
			buildConfigurationList = E61F482F29527DAE00D937B8 /* Build configuration list for PBXNativeTarget "NFCTokens" */;
			buildPhases = (
				428118D3F2B196E2C870F26B /* [CP] Check Pods Manifest.lock */,
				E61F481429527DAC00D937B8 /* Sources */,
				E61F481529527DAC00D937B8 /* Frameworks */,
				E61F481629527DAC00D937B8 /* Resources */,
				1EADC1135A45B1960C17A9C6 /* [CP] Embed Pods Frameworks */,
			);
			buildRules = (
			);
			dependencies = (
			);
			name = NFCTokens;
			productName = "Xeal Challenge App";
			productReference = E61F481829527DAC00D937B8 /* NFCTokens.app */;
			productType = "com.apple.product-type.application";
		};
/* End PBXNativeTarget section */

/* Begin PBXProject section */
		E61F481029527DAB00D937B8 /* Project object */ = {
			isa = PBXProject;
			attributes = {
				BuildIndependentTargetsInParallel = 1;
				LastSwiftUpdateCheck = 1420;
				LastUpgradeCheck = 1420;
				TargetAttributes = {
					E61F481729527DAC00D937B8 = {
						CreatedOnToolsVersion = 14.2;
					};
				};
			};
			buildConfigurationList = E61F481329527DAB00D937B8 /* Build configuration list for PBXProject "NFCTokens" */;
			compatibilityVersion = "Xcode 14.0";
			developmentRegion = en;
			hasScannedForEncodings = 0;
			knownRegions = (
				en,
				Base,
			);
			mainGroup = E61F480F29527DAB00D937B8;
			productRefGroup = E61F481929527DAC00D937B8 /* Products */;
			projectDirPath = "";
			projectRoot = "";
			targets = (
				E61F481729527DAC00D937B8 /* NFCTokens */,
			);
		};
/* End PBXProject section */

/* Begin PBXResourcesBuildPhase section */
		E61F481629527DAC00D937B8 /* Resources */ = {
			isa = PBXResourcesBuildPhase;
			buildActionMask = 2147483647;
			files = (
				E6B1491F2952C2DA0000BE9D /* ReloadAmountView.xib in Resources */,
				E61F4843295280EF00D937B8 /* Fontfabric---Mont-Bold.otf in Resources */,
				E61F482B29527DAE00D937B8 /* LaunchScreen.storyboard in Resources */,
				E61F4841295280EF00D937B8 /* Fontfabric---Mont-Thin.otf in Resources */,
				E61F482829527DAE00D937B8 /* Assets.xcassets in Resources */,
				E61F4840295280EF00D937B8 /* Fontfabric---Mont-SemiBold.otf in Resources */,
				E61F483E295280EF00D937B8 /* Fontfabric---Mont-Light.otf in Resources */,
				E61F48472952812400D937B8 /* smallspinner.json in Resources */,
				E61F4844295280EF00D937B8 /* Fontfabric---Mont-Regular.otf in Resources */,
				E61F483F295280EF00D937B8 /* Fontfabric---Mont-ExtraLight.otf in Resources */,
				E61F482329527DAC00D937B8 /* Main.storyboard in Resources */,
				E61F4842295280EF00D937B8 /* Fontfabric---Mont-Black.otf in Resources */,
				E6001968295F61D700216228 /* README.md in Resources */,
				E69AB70C2952EAB700D6E98C /* ConfirmPaymentViewController.xib in Resources */,
				E61F48482952812400D937B8 /* checkmark.json in Resources */,
			);
			runOnlyForDeploymentPostprocessing = 0;
		};
/* End PBXResourcesBuildPhase section */

/* Begin PBXShellScriptBuildPhase section */
		1EADC1135A45B1960C17A9C6 /* [CP] Embed Pods Frameworks */ = {
			isa = PBXShellScriptBuildPhase;
			buildActionMask = 2147483647;
			files = (
			);
			inputFileListPaths = (
				"${PODS_ROOT}/Target Support Files/Pods-NFCTokens/Pods-NFCTokens-frameworks-${CONFIGURATION}-input-files.xcfilelist",
			);
			name = "[CP] Embed Pods Frameworks";
			outputFileListPaths = (
				"${PODS_ROOT}/Target Support Files/Pods-NFCTokens/Pods-NFCTokens-frameworks-${CONFIGURATION}-output-files.xcfilelist",
			);
			runOnlyForDeploymentPostprocessing = 0;
			shellPath = /bin/sh;
			shellScript = "\"${PODS_ROOT}/Target Support Files/Pods-NFCTokens/Pods-NFCTokens-frameworks.sh\"\n";
			showEnvVarsInLog = 0;
		};
		428118D3F2B196E2C870F26B /* [CP] Check Pods Manifest.lock */ = {
			isa = PBXShellScriptBuildPhase;
			buildActionMask = 2147483647;
			files = (
			);
			inputFileListPaths = (
			);
			inputPaths = (
				"${PODS_PODFILE_DIR_PATH}/Podfile.lock",
				"${PODS_ROOT}/Manifest.lock",
			);
			name = "[CP] Check Pods Manifest.lock";
			outputFileListPaths = (
			);
			outputPaths = (
				"$(DERIVED_FILE_DIR)/Pods-NFCTokens-checkManifestLockResult.txt",
			);
			runOnlyForDeploymentPostprocessing = 0;
			shellPath = /bin/sh;
			shellScript = "diff \"${PODS_PODFILE_DIR_PATH}/Podfile.lock\" \"${PODS_ROOT}/Manifest.lock\" > /dev/null\nif [ $? != 0 ] ; then\n    # print error to STDERR\n    echo \"error: The sandbox is not in sync with the Podfile.lock. Run 'pod install' or update your CocoaPods installation.\" >&2\n    exit 1\nfi\n# This output is used by Xcode 'outputs' to avoid re-running this script phase.\necho \"SUCCESS\" > \"${SCRIPT_OUTPUT_FILE_0}\"\n";
			showEnvVarsInLog = 0;
		};
/* End PBXShellScriptBuildPhase section */

/* Begin PBXSourcesBuildPhase section */
		E61F481429527DAC00D937B8 /* Sources */ = {
			isa = PBXSourcesBuildPhase;
			buildActionMask = 2147483647;
			files = (
				E69EAF682B4DEE3F0064679F /* Logger.swift in Sources */,
				E61F482029527DAC00D937B8 /* HomeViewController.swift in Sources */,
				E600195C295CF0BB00216228 /* FundsAvailableView.swift in Sources */,
				E61F481C29527DAC00D937B8 /* AppDelegate.swift in Sources */,
				E69EAF622B4B1E180064679F /* NFCService.swift in Sources */,
				E6001961295F434800216228 /* HomeViewModel.swift in Sources */,
				E6001964295F4ECA00216228 /* ReloadAmmount.swift in Sources */,
				E6B1491D2952C2C70000BE9D /* ReloadAmountView.swift in Sources */,
				E61F483429527E6D00D937B8 /* GradientView.swift in Sources */,
				E6B14916295290F90000BE9D /* PayNowButton.swift in Sources */,
				E61F481E29527DAC00D937B8 /* SceneDelegate.swift in Sources */,
				E69AB70B2952EAB700D6E98C /* ConfirmPaymentViewController.swift in Sources */,
				E6B1491B2952C22B0000BE9D /* UIView+extensions.swift in Sources */,
				E69EAF642B4DE6F60064679F /* NFCError.swift in Sources */,
				E6B1491429528F020000BE9D /* UIView+Designables.swift in Sources */,
				E6E8C1DC29554114008DCF23 /* UIFont+extensions.swift in Sources */,
				E6001966295F4F3600216228 /* NFCUser.swift in Sources */,
				E600195E295E0EA700216228 /* NFCNDEFReaderSession+extensions.swift in Sources */,
				E69EAF662B4DE7200064679F /* NFCAction.swift in Sources */,
			);
			runOnlyForDeploymentPostprocessing = 0;
		};
/* End PBXSourcesBuildPhase section */

/* Begin PBXVariantGroup section */
		E61F482129527DAC00D937B8 /* Main.storyboard */ = {
			isa = PBXVariantGroup;
			children = (
				E61F482229527DAC00D937B8 /* Base */,
			);
			name = Main.storyboard;
			sourceTree = "<group>";
		};
		E61F482929527DAE00D937B8 /* LaunchScreen.storyboard */ = {
			isa = PBXVariantGroup;
			children = (
				E61F482A29527DAE00D937B8 /* Base */,
			);
			name = LaunchScreen.storyboard;
			sourceTree = "<group>";
		};
/* End PBXVariantGroup section */

/* Begin XCBuildConfiguration section */
		E61F482D29527DAE00D937B8 /* Debug */ = {
			isa = XCBuildConfiguration;
			buildSettings = {
				ALWAYS_SEARCH_USER_PATHS = NO;
				CLANG_ANALYZER_NONNULL = YES;
				CLANG_ANALYZER_NUMBER_OBJECT_CONVERSION = YES_AGGRESSIVE;
				CLANG_CXX_LANGUAGE_STANDARD = "gnu++20";
				CLANG_ENABLE_MODULES = YES;
				CLANG_ENABLE_OBJC_ARC = YES;
				CLANG_ENABLE_OBJC_WEAK = YES;
				CLANG_WARN_BLOCK_CAPTURE_AUTORELEASING = YES;
				CLANG_WARN_BOOL_CONVERSION = YES;
				CLANG_WARN_COMMA = YES;
				CLANG_WARN_CONSTANT_CONVERSION = YES;
				CLANG_WARN_DEPRECATED_OBJC_IMPLEMENTATIONS = YES;
				CLANG_WARN_DIRECT_OBJC_ISA_USAGE = YES_ERROR;
				CLANG_WARN_DOCUMENTATION_COMMENTS = YES;
				CLANG_WARN_EMPTY_BODY = YES;
				CLANG_WARN_ENUM_CONVERSION = YES;
				CLANG_WARN_INFINITE_RECURSION = YES;
				CLANG_WARN_INT_CONVERSION = YES;
				CLANG_WARN_NON_LITERAL_NULL_CONVERSION = YES;
				CLANG_WARN_OBJC_IMPLICIT_RETAIN_SELF = YES;
				CLANG_WARN_OBJC_LITERAL_CONVERSION = YES;
				CLANG_WARN_OBJC_ROOT_CLASS = YES_ERROR;
				CLANG_WARN_QUOTED_INCLUDE_IN_FRAMEWORK_HEADER = YES;
				CLANG_WARN_RANGE_LOOP_ANALYSIS = YES;
				CLANG_WARN_STRICT_PROTOTYPES = YES;
				CLANG_WARN_SUSPICIOUS_MOVE = YES;
				CLANG_WARN_UNGUARDED_AVAILABILITY = YES_AGGRESSIVE;
				CLANG_WARN_UNREACHABLE_CODE = YES;
				CLANG_WARN__DUPLICATE_METHOD_MATCH = YES;
				CODE_SIGN_ENTITLEMENTS = NFCTokens/NFCTokens.entitlements;
				COPY_PHASE_STRIP = NO;
				DEBUG_INFORMATION_FORMAT = dwarf;
				ENABLE_STRICT_OBJC_MSGSEND = YES;
				ENABLE_TESTABILITY = YES;
				GCC_C_LANGUAGE_STANDARD = gnu11;
				GCC_DYNAMIC_NO_PIC = NO;
				GCC_NO_COMMON_BLOCKS = YES;
				GCC_OPTIMIZATION_LEVEL = 0;
				GCC_PREPROCESSOR_DEFINITIONS = (
					"DEBUG=1",
					"$(inherited)",
				);
				GCC_WARN_64_TO_32_BIT_CONVERSION = YES;
				GCC_WARN_ABOUT_RETURN_TYPE = YES_ERROR;
				GCC_WARN_UNDECLARED_SELECTOR = YES;
				GCC_WARN_UNINITIALIZED_AUTOS = YES_AGGRESSIVE;
				GCC_WARN_UNUSED_FUNCTION = YES;
				GCC_WARN_UNUSED_VARIABLE = YES;
				IPHONEOS_DEPLOYMENT_TARGET = 16.2;
				MTL_ENABLE_DEBUG_INFO = INCLUDE_SOURCE;
				MTL_FAST_MATH = YES;
				ONLY_ACTIVE_ARCH = YES;
				SDKROOT = iphoneos;
				SWIFT_ACTIVE_COMPILATION_CONDITIONS = DEBUG;
				SWIFT_OPTIMIZATION_LEVEL = "-Onone";
			};
			name = Debug;
		};
		E61F482E29527DAE00D937B8 /* Release */ = {
			isa = XCBuildConfiguration;
			buildSettings = {
				ALWAYS_SEARCH_USER_PATHS = NO;
				CLANG_ANALYZER_NONNULL = YES;
				CLANG_ANALYZER_NUMBER_OBJECT_CONVERSION = YES_AGGRESSIVE;
				CLANG_CXX_LANGUAGE_STANDARD = "gnu++20";
				CLANG_ENABLE_MODULES = YES;
				CLANG_ENABLE_OBJC_ARC = YES;
				CLANG_ENABLE_OBJC_WEAK = YES;
				CLANG_WARN_BLOCK_CAPTURE_AUTORELEASING = YES;
				CLANG_WARN_BOOL_CONVERSION = YES;
				CLANG_WARN_COMMA = YES;
				CLANG_WARN_CONSTANT_CONVERSION = YES;
				CLANG_WARN_DEPRECATED_OBJC_IMPLEMENTATIONS = YES;
				CLANG_WARN_DIRECT_OBJC_ISA_USAGE = YES_ERROR;
				CLANG_WARN_DOCUMENTATION_COMMENTS = YES;
				CLANG_WARN_EMPTY_BODY = YES;
				CLANG_WARN_ENUM_CONVERSION = YES;
				CLANG_WARN_INFINITE_RECURSION = YES;
				CLANG_WARN_INT_CONVERSION = YES;
				CLANG_WARN_NON_LITERAL_NULL_CONVERSION = YES;
				CLANG_WARN_OBJC_IMPLICIT_RETAIN_SELF = YES;
				CLANG_WARN_OBJC_LITERAL_CONVERSION = YES;
				CLANG_WARN_OBJC_ROOT_CLASS = YES_ERROR;
				CLANG_WARN_QUOTED_INCLUDE_IN_FRAMEWORK_HEADER = YES;
				CLANG_WARN_RANGE_LOOP_ANALYSIS = YES;
				CLANG_WARN_STRICT_PROTOTYPES = YES;
				CLANG_WARN_SUSPICIOUS_MOVE = YES;
				CLANG_WARN_UNGUARDED_AVAILABILITY = YES_AGGRESSIVE;
				CLANG_WARN_UNREACHABLE_CODE = YES;
				CLANG_WARN__DUPLICATE_METHOD_MATCH = YES;
				CODE_SIGN_ENTITLEMENTS = NFCTokens/NFCTokens.entitlements;
				COPY_PHASE_STRIP = NO;
				DEBUG_INFORMATION_FORMAT = "dwarf-with-dsym";
				ENABLE_NS_ASSERTIONS = NO;
				ENABLE_STRICT_OBJC_MSGSEND = YES;
				GCC_C_LANGUAGE_STANDARD = gnu11;
				GCC_NO_COMMON_BLOCKS = YES;
				GCC_WARN_64_TO_32_BIT_CONVERSION = YES;
				GCC_WARN_ABOUT_RETURN_TYPE = YES_ERROR;
				GCC_WARN_UNDECLARED_SELECTOR = YES;
				GCC_WARN_UNINITIALIZED_AUTOS = YES_AGGRESSIVE;
				GCC_WARN_UNUSED_FUNCTION = YES;
				GCC_WARN_UNUSED_VARIABLE = YES;
				IPHONEOS_DEPLOYMENT_TARGET = 16.2;
				MTL_ENABLE_DEBUG_INFO = NO;
				MTL_FAST_MATH = YES;
				SDKROOT = iphoneos;
				SWIFT_COMPILATION_MODE = wholemodule;
				SWIFT_OPTIMIZATION_LEVEL = "-O";
				VALIDATE_PRODUCT = YES;
			};
			name = Release;
		};
		E61F483029527DAE00D937B8 /* Debug */ = {
			isa = XCBuildConfiguration;
			baseConfigurationReference = 334B8A4859044422AC7A036B /* Pods-NFCTokens.debug.xcconfig */;
			buildSettings = {
				ASSETCATALOG_COMPILER_APPICON_NAME = AppIcon;
				ASSETCATALOG_COMPILER_GLOBAL_ACCENT_COLOR_NAME = AccentColor;
				CODE_SIGN_ENTITLEMENTS = NFCTokens/NFCTokens.entitlements;
				CODE_SIGN_STYLE = Automatic;
				CURRENT_PROJECT_VERSION = 1;
				DEVELOPMENT_TEAM = VY9FRH555S;
				GENERATE_INFOPLIST_FILE = YES;
				INFOPLIST_FILE = NFCTokens/Info.plist;
				INFOPLIST_KEY_CFBundleDisplayName = Xeal;
				INFOPLIST_KEY_NFCReaderUsageDescription = "NFC Tokens would like to use this device for Near Field Communication.";
				INFOPLIST_KEY_UIApplicationSupportsIndirectInputEvents = YES;
				INFOPLIST_KEY_UILaunchStoryboardName = LaunchScreen;
				INFOPLIST_KEY_UIMainStoryboardFile = Main;
				INFOPLIST_KEY_UISupportedInterfaceOrientations = UIInterfaceOrientationPortrait;
				INFOPLIST_KEY_UISupportedInterfaceOrientations_iPad = "UIInterfaceOrientationLandscapeRight UIInterfaceOrientationPortrait";
				IPHONEOS_DEPLOYMENT_TARGET = 16.0;
				LD_RUNPATH_SEARCH_PATHS = (
					"$(inherited)",
					"@executable_path/Frameworks",
				);
				MARKETING_VERSION = 1.0;
				PRODUCT_BUNDLE_IDENTIFIER = ryan.NFCTokens;
				PRODUCT_NAME = "$(TARGET_NAME)";
				SUPPORTED_PLATFORMS = "iphoneos iphonesimulator";
				SUPPORTS_MACCATALYST = NO;
				SUPPORTS_MAC_DESIGNED_FOR_IPHONE_IPAD = YES;
				SWIFT_EMIT_LOC_STRINGS = YES;
				SWIFT_VERSION = 5.0;
				TARGETED_DEVICE_FAMILY = 1;
			};
			name = Debug;
		};
		E61F483129527DAE00D937B8 /* Release */ = {
			isa = XCBuildConfiguration;
			baseConfigurationReference = 00FA61581C3E0DB3F5834533 /* Pods-NFCTokens.release.xcconfig */;
			buildSettings = {
				ASSETCATALOG_COMPILER_APPICON_NAME = AppIcon;
				ASSETCATALOG_COMPILER_GLOBAL_ACCENT_COLOR_NAME = AccentColor;
				CODE_SIGN_ENTITLEMENTS = NFCTokens/NFCTokens.entitlements;
				CODE_SIGN_STYLE = Automatic;
				CURRENT_PROJECT_VERSION = 1;
				DEVELOPMENT_TEAM = VY9FRH555S;
				GENERATE_INFOPLIST_FILE = YES;
				INFOPLIST_FILE = NFCTokens/Info.plist;
				INFOPLIST_KEY_CFBundleDisplayName = Xeal;
				INFOPLIST_KEY_NFCReaderUsageDescription = "NFC Tokens would like to use this device for Near Field Communication.";
				INFOPLIST_KEY_UIApplicationSupportsIndirectInputEvents = YES;
				INFOPLIST_KEY_UILaunchStoryboardName = LaunchScreen;
				INFOPLIST_KEY_UIMainStoryboardFile = Main;
				INFOPLIST_KEY_UISupportedInterfaceOrientations = UIInterfaceOrientationPortrait;
				INFOPLIST_KEY_UISupportedInterfaceOrientations_iPad = "UIInterfaceOrientationLandscapeRight UIInterfaceOrientationPortrait";
				IPHONEOS_DEPLOYMENT_TARGET = 16.0;
				LD_RUNPATH_SEARCH_PATHS = (
					"$(inherited)",
					"@executable_path/Frameworks",
				);
				MARKETING_VERSION = 1.0;
				PRODUCT_BUNDLE_IDENTIFIER = ryan.NFCTokens;
				PRODUCT_NAME = "$(TARGET_NAME)";
				SUPPORTED_PLATFORMS = "iphoneos iphonesimulator";
				SUPPORTS_MACCATALYST = NO;
				SUPPORTS_MAC_DESIGNED_FOR_IPHONE_IPAD = YES;
				SWIFT_EMIT_LOC_STRINGS = YES;
				SWIFT_VERSION = 5.0;
				TARGETED_DEVICE_FAMILY = 1;
			};
			name = Release;
		};
/* End XCBuildConfiguration section */

/* Begin XCConfigurationList section */
		E61F481329527DAB00D937B8 /* Build configuration list for PBXProject "NFCTokens" */ = {
			isa = XCConfigurationList;
			buildConfigurations = (
				E61F482D29527DAE00D937B8 /* Debug */,
				E61F482E29527DAE00D937B8 /* Release */,
			);
			defaultConfigurationIsVisible = 0;
			defaultConfigurationName = Release;
		};
		E61F482F29527DAE00D937B8 /* Build configuration list for PBXNativeTarget "NFCTokens" */ = {
			isa = XCConfigurationList;
			buildConfigurations = (
				E61F483029527DAE00D937B8 /* Debug */,
				E61F483129527DAE00D937B8 /* Release */,
			);
			defaultConfigurationIsVisible = 0;
			defaultConfigurationName = Release;
		};
/* End XCConfigurationList section */
	};
	rootObject = E61F481029527DAB00D937B8 /* Project object */;
}
